// !$*UTF8*$!
{
	archiveVersion = 1;
	classes = {
	};
	objectVersion = 56;
	objects = {

/* Begin PBXBuildFile section */
		3C16CD762C0E9F20007A9839 /* TicketInfo.swift in Sources */ = {isa = PBXBuildFile; fileRef = 3C16CD732C0E9F11007A9839 /* TicketInfo.swift */; };
		3C4039A22C0E3C8A00FBCD99 /* SheungKit_TicketApp.swift in Sources */ = {isa = PBXBuildFile; fileRef = 3C4039A12C0E3C8A00FBCD99 /* SheungKit_TicketApp.swift */; };
		3C4039A42C0E3C8A00FBCD99 /* ContentView.swift in Sources */ = {isa = PBXBuildFile; fileRef = 3C4039A32C0E3C8A00FBCD99 /* ContentView.swift */; };
		3C4039A62C0E3C8B00FBCD99 /* Assets.xcassets in Resources */ = {isa = PBXBuildFile; fileRef = 3C4039A52C0E3C8B00FBCD99 /* Assets.xcassets */; };
		3C4039A92C0E3C8B00FBCD99 /* Preview Assets.xcassets in Resources */ = {isa = PBXBuildFile; fileRef = 3C4039A82C0E3C8B00FBCD99 /* Preview Assets.xcassets */; };
		3C4039B32C0E3C8B00FBCD99 /* SheungKit_TicketTests.swift in Sources */ = {isa = PBXBuildFile; fileRef = 3C4039B22C0E3C8B00FBCD99 /* SheungKit_TicketTests.swift */; };
		3C4039BD2C0E3C8B00FBCD99 /* SheungKit_TicketUITests.swift in Sources */ = {isa = PBXBuildFile; fileRef = 3C4039BC2C0E3C8B00FBCD99 /* SheungKit_TicketUITests.swift */; };
		3C4039BF2C0E3C8B00FBCD99 /* SheungKit_TicketUITestsLaunchTests.swift in Sources */ = {isa = PBXBuildFile; fileRef = 3C4039BE2C0E3C8B00FBCD99 /* SheungKit_TicketUITestsLaunchTests.swift */; };
/* End PBXBuildFile section */

/* Begin PBXContainerItemProxy section */
		3C4039AF2C0E3C8B00FBCD99 /* PBXContainerItemProxy */ = {
			isa = PBXContainerItemProxy;
			containerPortal = 3C4039962C0E3C8A00FBCD99 /* Project object */;
			proxyType = 1;
			remoteGlobalIDString = 3C40399D2C0E3C8A00FBCD99;
			remoteInfo = SheungKit_Ticket;
		};
		3C4039B92C0E3C8B00FBCD99 /* PBXContainerItemProxy */ = {
			isa = PBXContainerItemProxy;
			containerPortal = 3C4039962C0E3C8A00FBCD99 /* Project object */;
			proxyType = 1;
			remoteGlobalIDString = 3C40399D2C0E3C8A00FBCD99;
			remoteInfo = SheungKit_Ticket;
		};
/* End PBXContainerItemProxy section */

/* Begin PBXFileReference section */
		3C16CD732C0E9F11007A9839 /* TicketInfo.swift */ = {isa = PBXFileReference; lastKnownFileType = sourcecode.swift; path = TicketInfo.swift; sourceTree = "<group>"; };
		3C40399E2C0E3C8A00FBCD99 /* SheungKit_Ticket.app */ = {isa = PBXFileReference; explicitFileType = wrapper.application; includeInIndex = 0; path = SheungKit_Ticket.app; sourceTree = BUILT_PRODUCTS_DIR; };
		3C4039A12C0E3C8A00FBCD99 /* SheungKit_TicketApp.swift */ = {isa = PBXFileReference; lastKnownFileType = sourcecode.swift; path = SheungKit_TicketApp.swift; sourceTree = "<group>"; };
		3C4039A32C0E3C8A00FBCD99 /* ContentView.swift */ = {isa = PBXFileReference; lastKnownFileType = sourcecode.swift; path = ContentView.swift; sourceTree = "<group>"; };
		3C4039A52C0E3C8B00FBCD99 /* Assets.xcassets */ = {isa = PBXFileReference; lastKnownFileType = folder.assetcatalog; path = Assets.xcassets; sourceTree = "<group>"; };
		3C4039A82C0E3C8B00FBCD99 /* Preview Assets.xcassets */ = {isa = PBXFileReference; lastKnownFileType = folder.assetcatalog; path = "Preview Assets.xcassets"; sourceTree = "<group>"; };
		3C4039AE2C0E3C8B00FBCD99 /* SheungKit_TicketTests.xctest */ = {isa = PBXFileReference; explicitFileType = wrapper.cfbundle; includeInIndex = 0; path = SheungKit_TicketTests.xctest; sourceTree = BUILT_PRODUCTS_DIR; };
		3C4039B22C0E3C8B00FBCD99 /* SheungKit_TicketTests.swift */ = {isa = PBXFileReference; lastKnownFileType = sourcecode.swift; path = SheungKit_TicketTests.swift; sourceTree = "<group>"; };
		3C4039B82C0E3C8B00FBCD99 /* SheungKit_TicketUITests.xctest */ = {isa = PBXFileReference; explicitFileType = wrapper.cfbundle; includeInIndex = 0; path = SheungKit_TicketUITests.xctest; sourceTree = BUILT_PRODUCTS_DIR; };
		3C4039BC2C0E3C8B00FBCD99 /* SheungKit_TicketUITests.swift */ = {isa = PBXFileReference; lastKnownFileType = sourcecode.swift; path = SheungKit_TicketUITests.swift; sourceTree = "<group>"; };
		3C4039BE2C0E3C8B00FBCD99 /* SheungKit_TicketUITestsLaunchTests.swift */ = {isa = PBXFileReference; lastKnownFileType = sourcecode.swift; path = SheungKit_TicketUITestsLaunchTests.swift; sourceTree = "<group>"; };
/* End PBXFileReference section */

/* Begin PBXFrameworksBuildPhase section */
		3C40399B2C0E3C8A00FBCD99 /* Frameworks */ = {
			isa = PBXFrameworksBuildPhase;
			buildActionMask = 2147483647;
			files = (
			);
			runOnlyForDeploymentPostprocessing = 0;
		};
		3C4039AB2C0E3C8B00FBCD99 /* Frameworks */ = {
			isa = PBXFrameworksBuildPhase;
			buildActionMask = 2147483647;
			files = (
			);
			runOnlyForDeploymentPostprocessing = 0;
		};
		3C4039B52C0E3C8B00FBCD99 /* Frameworks */ = {
			isa = PBXFrameworksBuildPhase;
			buildActionMask = 2147483647;
			files = (
			);
			runOnlyForDeploymentPostprocessing = 0;
		};
/* End PBXFrameworksBuildPhase section */

/* Begin PBXGroup section */
		3C4039952C0E3C8A00FBCD99 = {
			isa = PBXGroup;
			children = (
				3C4039A02C0E3C8A00FBCD99 /* SheungKit_Ticket */,
				3C4039B12C0E3C8B00FBCD99 /* SheungKit_TicketTests */,
				3C4039BB2C0E3C8B00FBCD99 /* SheungKit_TicketUITests */,
				3C40399F2C0E3C8A00FBCD99 /* Products */,
			);
			sourceTree = "<group>";
		};
		3C40399F2C0E3C8A00FBCD99 /* Products */ = {
			isa = PBXGroup;
			children = (
				3C40399E2C0E3C8A00FBCD99 /* SheungKit_Ticket.app */,
				3C4039AE2C0E3C8B00FBCD99 /* SheungKit_TicketTests.xctest */,
				3C4039B82C0E3C8B00FBCD99 /* SheungKit_TicketUITests.xctest */,
			);
			name = Products;
			sourceTree = "<group>";
		};
		3C4039A02C0E3C8A00FBCD99 /* SheungKit_Ticket */ = {
			isa = PBXGroup;
			children = (
				3C4039A12C0E3C8A00FBCD99 /* SheungKit_TicketApp.swift */,
				3C4039A32C0E3C8A00FBCD99 /* ContentView.swift */,
				3C16CD732C0E9F11007A9839 /* TicketInfo.swift */,
				3C4039A52C0E3C8B00FBCD99 /* Assets.xcassets */,
				3C4039A72C0E3C8B00FBCD99 /* Preview Content */,
			);
			path = SheungKit_Ticket;
			sourceTree = "<group>";
		};
		3C4039A72C0E3C8B00FBCD99 /* Preview Content */ = {
			isa = PBXGroup;
			children = (
				3C4039A82C0E3C8B00FBCD99 /* Preview Assets.xcassets */,
			);
			path = "Preview Content";
			sourceTree = "<group>";
		};
		3C4039B12C0E3C8B00FBCD99 /* SheungKit_TicketTests */ = {
			isa = PBXGroup;
			children = (
				3C4039B22C0E3C8B00FBCD99 /* SheungKit_TicketTests.swift */,
			);
			path = SheungKit_TicketTests;
			sourceTree = "<group>";
		};
		3C4039BB2C0E3C8B00FBCD99 /* SheungKit_TicketUITests */ = {
			isa = PBXGroup;
			children = (
				3C4039BC2C0E3C8B00FBCD99 /* SheungKit_TicketUITests.swift */,
				3C4039BE2C0E3C8B00FBCD99 /* SheungKit_TicketUITestsLaunchTests.swift */,
			);
			path = SheungKit_TicketUITests;
			sourceTree = "<group>";
		};
/* End PBXGroup section */

/* Begin PBXNativeTarget section */
		3C40399D2C0E3C8A00FBCD99 /* SheungKit_Ticket */ = {
			isa = PBXNativeTarget;
			buildConfigurationList = 3C4039C22C0E3C8B00FBCD99 /* Build configuration list for PBXNativeTarget "SheungKit_Ticket" */;
			buildPhases = (
				3C40399A2C0E3C8A00FBCD99 /* Sources */,
				3C40399B2C0E3C8A00FBCD99 /* Frameworks */,
				3C40399C2C0E3C8A00FBCD99 /* Resources */,
			);
			buildRules = (
			);
			dependencies = (
			);
			name = SheungKit_Ticket;
			productName = SheungKit_Ticket;
			productReference = 3C40399E2C0E3C8A00FBCD99 /* SheungKit_Ticket.app */;
			productType = "com.apple.product-type.application";
		};
		3C4039AD2C0E3C8B00FBCD99 /* SheungKit_TicketTests */ = {
			isa = PBXNativeTarget;
			buildConfigurationList = 3C4039C52C0E3C8B00FBCD99 /* Build configuration list for PBXNativeTarget "SheungKit_TicketTests" */;
			buildPhases = (
				3C4039AA2C0E3C8B00FBCD99 /* Sources */,
				3C4039AB2C0E3C8B00FBCD99 /* Frameworks */,
				3C4039AC2C0E3C8B00FBCD99 /* Resources */,
			);
			buildRules = (
			);
			dependencies = (
				3C4039B02C0E3C8B00FBCD99 /* PBXTargetDependency */,
			);
			name = SheungKit_TicketTests;
			productName = SheungKit_TicketTests;
			productReference = 3C4039AE2C0E3C8B00FBCD99 /* SheungKit_TicketTests.xctest */;
			productType = "com.apple.product-type.bundle.unit-test";
		};
		3C4039B72C0E3C8B00FBCD99 /* SheungKit_TicketUITests */ = {
			isa = PBXNativeTarget;
			buildConfigurationList = 3C4039C82C0E3C8B00FBCD99 /* Build configuration list for PBXNativeTarget "SheungKit_TicketUITests" */;
			buildPhases = (
				3C4039B42C0E3C8B00FBCD99 /* Sources */,
				3C4039B52C0E3C8B00FBCD99 /* Frameworks */,
				3C4039B62C0E3C8B00FBCD99 /* Resources */,
			);
			buildRules = (
			);
			dependencies = (
				3C4039BA2C0E3C8B00FBCD99 /* PBXTargetDependency */,
			);
			name = SheungKit_TicketUITests;
			productName = SheungKit_TicketUITests;
			productReference = 3C4039B82C0E3C8B00FBCD99 /* SheungKit_TicketUITests.xctest */;
			productType = "com.apple.product-type.bundle.ui-testing";
		};
/* End PBXNativeTarget section */

/* Begin PBXProject section */
		3C4039962C0E3C8A00FBCD99 /* Project object */ = {
			isa = PBXProject;
			attributes = {
				BuildIndependentTargetsInParallel = 1;
				LastSwiftUpdateCheck = 1540;
				LastUpgradeCheck = 1540;
				TargetAttributes = {
					3C40399D2C0E3C8A00FBCD99 = {
						CreatedOnToolsVersion = 15.4;
					};
					3C4039AD2C0E3C8B00FBCD99 = {
						CreatedOnToolsVersion = 15.4;
						TestTargetID = 3C40399D2C0E3C8A00FBCD99;
					};
					3C4039B72C0E3C8B00FBCD99 = {
						CreatedOnToolsVersion = 15.4;
						TestTargetID = 3C40399D2C0E3C8A00FBCD99;
					};
				};
			};
			buildConfigurationList = 3C4039992C0E3C8A00FBCD99 /* Build configuration list for PBXProject "SheungKit_Ticket" */;
			compatibilityVersion = "Xcode 14.0";
			developmentRegion = en;
			hasScannedForEncodings = 0;
			knownRegions = (
				en,
				Base,
			);
			mainGroup = 3C4039952C0E3C8A00FBCD99;
			productRefGroup = 3C40399F2C0E3C8A00FBCD99 /* Products */;
			projectDirPath = "";
			projectRoot = "";
			targets = (
				3C40399D2C0E3C8A00FBCD99 /* SheungKit_Ticket */,
				3C4039AD2C0E3C8B00FBCD99 /* SheungKit_TicketTests */,
				3C4039B72C0E3C8B00FBCD99 /* SheungKit_TicketUITests */,
			);
		};
/* End PBXProject section */

/* Begin PBXResourcesBuildPhase section */
		3C40399C2C0E3C8A00FBCD99 /* Resources */ = {
			isa = PBXResourcesBuildPhase;
			buildActionMask = 2147483647;
			files = (
				3C4039A92C0E3C8B00FBCD99 /* Preview Assets.xcassets in Resources */,
				3C4039A62C0E3C8B00FBCD99 /* Assets.xcassets in Resources */,
			);
			runOnlyForDeploymentPostprocessing = 0;
		};
		3C4039AC2C0E3C8B00FBCD99 /* Resources */ = {
			isa = PBXResourcesBuildPhase;
			buildActionMask = 2147483647;
			files = (
			);
			runOnlyForDeploymentPostprocessing = 0;
		};
		3C4039B62C0E3C8B00FBCD99 /* Resources */ = {
			isa = PBXResourcesBuildPhase;
			buildActionMask = 2147483647;
			files = (
			);
			runOnlyForDeploymentPostprocessing = 0;
		};
/* End PBXResourcesBuildPhase section */

/* Begin PBXSourcesBuildPhase section */
		3C40399A2C0E3C8A00FBCD99 /* Sources */ = {
			isa = PBXSourcesBuildPhase;
			buildActionMask = 2147483647;
			files = (
				3C4039A42C0E3C8A00FBCD99 /* ContentView.swift in Sources */,
				3C4039A22C0E3C8A00FBCD99 /* SheungKit_TicketApp.swift in Sources */,
				3C16CD762C0E9F20007A9839 /* TicketInfo.swift in Sources */,
			);
			runOnlyForDeploymentPostprocessing = 0;
		};
		3C4039AA2C0E3C8B00FBCD99 /* Sources */ = {
			isa = PBXSourcesBuildPhase;
			buildActionMask = 2147483647;
			files = (
				3C4039B32C0E3C8B00FBCD99 /* SheungKit_TicketTests.swift in Sources */,
			);
			runOnlyForDeploymentPostprocessing = 0;
		};
		3C4039B42C0E3C8B00FBCD99 /* Sources */ = {
			isa = PBXSourcesBuildPhase;
			buildActionMask = 2147483647;
			files = (
				3C4039BD2C0E3C8B00FBCD99 /* SheungKit_TicketUITests.swift in Sources */,
				3C4039BF2C0E3C8B00FBCD99 /* SheungKit_TicketUITestsLaunchTests.swift in Sources */,
			);
			runOnlyForDeploymentPostprocessing = 0;
		};
/* End PBXSourcesBuildPhase section */

/* Begin PBXTargetDependency section */
		3C4039B02C0E3C8B00FBCD99 /* PBXTargetDependency */ = {
			isa = PBXTargetDependency;
			target = 3C40399D2C0E3C8A00FBCD99 /* SheungKit_Ticket */;
			targetProxy = 3C4039AF2C0E3C8B00FBCD99 /* PBXContainerItemProxy */;
		};
		3C4039BA2C0E3C8B00FBCD99 /* PBXTargetDependency */ = {
			isa = PBXTargetDependency;
			target = 3C40399D2C0E3C8A00FBCD99 /* SheungKit_Ticket */;
			targetProxy = 3C4039B92C0E3C8B00FBCD99 /* PBXContainerItemProxy */;
		};
/* End PBXTargetDependency section */

/* Begin XCBuildConfiguration section */
		3C4039C02C0E3C8B00FBCD99 /* Debug */ = {
			isa = XCBuildConfiguration;
			buildSettings = {
				ALWAYS_SEARCH_USER_PATHS = NO;
				ASSETCATALOG_COMPILER_GENERATE_SWIFT_ASSET_SYMBOL_EXTENSIONS = YES;
				CLANG_ANALYZER_NONNULL = YES;
				CLANG_ANALYZER_NUMBER_OBJECT_CONVERSION = YES_AGGRESSIVE;
				CLANG_CXX_LANGUAGE_STANDARD = "gnu++20";
				CLANG_ENABLE_MODULES = YES;
				CLANG_ENABLE_OBJC_ARC = YES;
				CLANG_ENABLE_OBJC_WEAK = YES;
				CLANG_WARN_BLOCK_CAPTURE_AUTORELEASING = YES;
				CLANG_WARN_BOOL_CONVERSION = YES;
				CLANG_WARN_COMMA = YES;
				CLANG_WARN_CONSTANT_CONVERSION = YES;
				CLANG_WARN_DEPRECATED_OBJC_IMPLEMENTATIONS = YES;
				CLANG_WARN_DIRECT_OBJC_ISA_USAGE = YES_ERROR;
				CLANG_WARN_DOCUMENTATION_COMMENTS = YES;
				CLANG_WARN_EMPTY_BODY = YES;
				CLANG_WARN_ENUM_CONVERSION = YES;
				CLANG_WARN_INFINITE_RECURSION = YES;
				CLANG_WARN_INT_CONVERSION = YES;
				CLANG_WARN_NON_LITERAL_NULL_CONVERSION = YES;
				CLANG_WARN_OBJC_IMPLICIT_RETAIN_SELF = YES;
				CLANG_WARN_OBJC_LITERAL_CONVERSION = YES;
				CLANG_WARN_OBJC_ROOT_CLASS = YES_ERROR;
				CLANG_WARN_QUOTED_INCLUDE_IN_FRAMEWORK_HEADER = YES;
				CLANG_WARN_RANGE_LOOP_ANALYSIS = YES;
				CLANG_WARN_STRICT_PROTOTYPES = YES;
				CLANG_WARN_SUSPICIOUS_MOVE = YES;
				CLANG_WARN_UNGUARDED_AVAILABILITY = YES_AGGRESSIVE;
				CLANG_WARN_UNREACHABLE_CODE = YES;
				CLANG_WARN__DUPLICATE_METHOD_MATCH = YES;
				COPY_PHASE_STRIP = NO;
				DEBUG_INFORMATION_FORMAT = dwarf;
				ENABLE_STRICT_OBJC_MSGSEND = YES;
				ENABLE_TESTABILITY = YES;
				ENABLE_USER_SCRIPT_SANDBOXING = YES;
				GCC_C_LANGUAGE_STANDARD = gnu17;
				GCC_DYNAMIC_NO_PIC = NO;
				GCC_NO_COMMON_BLOCKS = YES;
				GCC_OPTIMIZATION_LEVEL = 0;
				GCC_PREPROCESSOR_DEFINITIONS = (
					"DEBUG=1",
					"$(inherited)",
				);
				GCC_WARN_64_TO_32_BIT_CONVERSION = YES;
				GCC_WARN_ABOUT_RETURN_TYPE = YES_ERROR;
				GCC_WARN_UNDECLARED_SELECTOR = YES;
				GCC_WARN_UNINITIALIZED_AUTOS = YES_AGGRESSIVE;
				GCC_WARN_UNUSED_FUNCTION = YES;
				GCC_WARN_UNUSED_VARIABLE = YES;
				IPHONEOS_DEPLOYMENT_TARGET = 17.5;
				LOCALIZATION_PREFERS_STRING_CATALOGS = YES;
				MTL_ENABLE_DEBUG_INFO = INCLUDE_SOURCE;
				MTL_FAST_MATH = YES;
				ONLY_ACTIVE_ARCH = YES;
				SDKROOT = iphoneos;
				SWIFT_ACTIVE_COMPILATION_CONDITIONS = "DEBUG $(inherited)";
				SWIFT_OPTIMIZATION_LEVEL = "-Onone";
			};
			name = Debug;
		};
		3C4039C12C0E3C8B00FBCD99 /* Release */ = {
			isa = XCBuildConfiguration;
			buildSettings = {
				ALWAYS_SEARCH_USER_PATHS = NO;
				ASSETCATALOG_COMPILER_GENERATE_SWIFT_ASSET_SYMBOL_EXTENSIONS = YES;
				CLANG_ANALYZER_NONNULL = YES;
				CLANG_ANALYZER_NUMBER_OBJECT_CONVERSION = YES_AGGRESSIVE;
				CLANG_CXX_LANGUAGE_STANDARD = "gnu++20";
				CLANG_ENABLE_MODULES = YES;
				CLANG_ENABLE_OBJC_ARC = YES;
				CLANG_ENABLE_OBJC_WEAK = YES;
				CLANG_WARN_BLOCK_CAPTURE_AUTORELEASING = YES;
				CLANG_WARN_BOOL_CONVERSION = YES;
				CLANG_WARN_COMMA = YES;
				CLANG_WARN_CONSTANT_CONVERSION = YES;
				CLANG_WARN_DEPRECATED_OBJC_IMPLEMENTATIONS = YES;
				CLANG_WARN_DIRECT_OBJC_ISA_USAGE = YES_ERROR;
				CLANG_WARN_DOCUMENTATION_COMMENTS = YES;
				CLANG_WARN_EMPTY_BODY = YES;
				CLANG_WARN_ENUM_CONVERSION = YES;
				CLANG_WARN_INFINITE_RECURSION = YES;
				CLANG_WARN_INT_CONVERSION = YES;
				CLANG_WARN_NON_LITERAL_NULL_CONVERSION = YES;
				CLANG_WARN_OBJC_IMPLICIT_RETAIN_SELF = YES;
				CLANG_WARN_OBJC_LITERAL_CONVERSION = YES;
				CLANG_WARN_OBJC_ROOT_CLASS = YES_ERROR;
				CLANG_WARN_QUOTED_INCLUDE_IN_FRAMEWORK_HEADER = YES;
				CLANG_WARN_RANGE_LOOP_ANALYSIS = YES;
				CLANG_WARN_STRICT_PROTOTYPES = YES;
				CLANG_WARN_SUSPICIOUS_MOVE = YES;
				CLANG_WARN_UNGUARDED_AVAILABILITY = YES_AGGRESSIVE;
				CLANG_WARN_UNREACHABLE_CODE = YES;
				CLANG_WARN__DUPLICATE_METHOD_MATCH = YES;
				COPY_PHASE_STRIP = NO;
				DEBUG_INFORMATION_FORMAT = "dwarf-with-dsym";
				ENABLE_NS_ASSERTIONS = NO;
				ENABLE_STRICT_OBJC_MSGSEND = YES;
				ENABLE_USER_SCRIPT_SANDBOXING = YES;
				GCC_C_LANGUAGE_STANDARD = gnu17;
				GCC_NO_COMMON_BLOCKS = YES;
				GCC_WARN_64_TO_32_BIT_CONVERSION = YES;
				GCC_WARN_ABOUT_RETURN_TYPE = YES_ERROR;
				GCC_WARN_UNDECLARED_SELECTOR = YES;
				GCC_WARN_UNINITIALIZED_AUTOS = YES_AGGRESSIVE;
				GCC_WARN_UNUSED_FUNCTION = YES;
				GCC_WARN_UNUSED_VARIABLE = YES;
				IPHONEOS_DEPLOYMENT_TARGET = 17.5;
				LOCALIZATION_PREFERS_STRING_CATALOGS = YES;
				MTL_ENABLE_DEBUG_INFO = NO;
				MTL_FAST_MATH = YES;
				SDKROOT = iphoneos;
				SWIFT_COMPILATION_MODE = wholemodule;
				VALIDATE_PRODUCT = YES;
			};
			name = Release;
		};
		3C4039C32C0E3C8B00FBCD99 /* Debug */ = {
			isa = XCBuildConfiguration;
			buildSettings = {
				ASSETCATALOG_COMPILER_APPICON_NAME = AppIcon;
				ASSETCATALOG_COMPILER_GLOBAL_ACCENT_COLOR_NAME = AccentColor;
				CODE_SIGN_STYLE = Automatic;
				CURRENT_PROJECT_VERSION = 1;
				DEVELOPMENT_ASSET_PATHS = "\"SheungKit_Ticket/Preview Content\"";
				ENABLE_PREVIEWS = YES;
				GENERATE_INFOPLIST_FILE = YES;
				INFOPLIST_KEY_UIApplicationSceneManifest_Generation = YES;
				INFOPLIST_KEY_UIApplicationSupportsIndirectInputEvents = YES;
				INFOPLIST_KEY_UILaunchScreen_Generation = YES;
				INFOPLIST_KEY_UISupportedInterfaceOrientations_iPad = "UIInterfaceOrientationPortrait UIInterfaceOrientationPortraitUpsideDown UIInterfaceOrientationLandscapeLeft UIInterfaceOrientationLandscapeRight";
				INFOPLIST_KEY_UISupportedInterfaceOrientations_iPhone = "UIInterfaceOrientationPortrait UIInterfaceOrientationLandscapeLeft UIInterfaceOrientationLandscapeRight";
				LD_RUNPATH_SEARCH_PATHS = (
					"$(inherited)",
					"@executable_path/Frameworks",
				);
				MARKETING_VERSION = 1.0;
				PRODUCT_BUNDLE_IDENTIFIER = "ca.georgebrown.mads4003.SheungKit-Ticket";
				PRODUCT_NAME = "$(TARGET_NAME)";
				SWIFT_EMIT_LOC_STRINGS = YES;
				SWIFT_VERSION = 5.0;
				TARGETED_DEVICE_FAMILY = "1,2";
			};
			name = Debug;
		};
		3C4039C42C0E3C8B00FBCD99 /* Release */ = {
			isa = XCBuildConfiguration;
			buildSettings = {
				ASSETCATALOG_COMPILER_APPICON_NAME = AppIcon;
				ASSETCATALOG_COMPILER_GLOBAL_ACCENT_COLOR_NAME = AccentColor;
				CODE_SIGN_STYLE = Automatic;
				CURRENT_PROJECT_VERSION = 1;
				DEVELOPMENT_ASSET_PATHS = "\"SheungKit_Ticket/Preview Content\"";
				ENABLE_PREVIEWS = YES;
				GENERATE_INFOPLIST_FILE = YES;
				INFOPLIST_KEY_UIApplicationSceneManifest_Generation = YES;
				INFOPLIST_KEY_UIApplicationSupportsIndirectInputEvents = YES;
				INFOPLIST_KEY_UILaunchScreen_Generation = YES;
				INFOPLIST_KEY_UISupportedInterfaceOrientations_iPad = "UIInterfaceOrientationPortrait UIInterfaceOrientationPortraitUpsideDown UIInterfaceOrientationLandscapeLeft UIInterfaceOrientationLandscapeRight";
				INFOPLIST_KEY_UISupportedInterfaceOrientations_iPhone = "UIInterfaceOrientationPortrait UIInterfaceOrientationLandscapeLeft UIInterfaceOrientationLandscapeRight";
				LD_RUNPATH_SEARCH_PATHS = (
					"$(inherited)",
					"@executable_path/Frameworks",
				);
				MARKETING_VERSION = 1.0;
				PRODUCT_BUNDLE_IDENTIFIER = "ca.georgebrown.mads4003.SheungKit-Ticket";
				PRODUCT_NAME = "$(TARGET_NAME)";
				SWIFT_EMIT_LOC_STRINGS = YES;
				SWIFT_VERSION = 5.0;
				TARGETED_DEVICE_FAMILY = "1,2";
			};
			name = Release;
		};
		3C4039C62C0E3C8B00FBCD99 /* Debug */ = {
			isa = XCBuildConfiguration;
			buildSettings = {
				ALWAYS_EMBED_SWIFT_STANDARD_LIBRARIES = YES;
				BUNDLE_LOADER = "$(TEST_HOST)";
				CODE_SIGN_STYLE = Automatic;
				CURRENT_PROJECT_VERSION = 1;
				GENERATE_INFOPLIST_FILE = YES;
				IPHONEOS_DEPLOYMENT_TARGET = 17.5;
				MARKETING_VERSION = 1.0;
				PRODUCT_BUNDLE_IDENTIFIER = "ca.georgebrown.mads4003.SheungKit-TicketTests";
				PRODUCT_NAME = "$(TARGET_NAME)";
				SWIFT_EMIT_LOC_STRINGS = NO;
				SWIFT_VERSION = 5.0;
				TARGETED_DEVICE_FAMILY = "1,2";
				TEST_HOST = "$(BUILT_PRODUCTS_DIR)/SheungKit_Ticket.app/$(BUNDLE_EXECUTABLE_FOLDER_PATH)/SheungKit_Ticket";
			};
			name = Debug;
		};
		3C4039C72C0E3C8B00FBCD99 /* Release */ = {
			isa = XCBuildConfiguration;
			buildSettings = {
				ALWAYS_EMBED_SWIFT_STANDARD_LIBRARIES = YES;
				BUNDLE_LOADER = "$(TEST_HOST)";
				CODE_SIGN_STYLE = Automatic;
				CURRENT_PROJECT_VERSION = 1;
				GENERATE_INFOPLIST_FILE = YES;
				IPHONEOS_DEPLOYMENT_TARGET = 17.5;
				MARKETING_VERSION = 1.0;
				PRODUCT_BUNDLE_IDENTIFIER = "ca.georgebrown.mads4003.SheungKit-TicketTests";
				PRODUCT_NAME = "$(TARGET_NAME)";
				SWIFT_EMIT_LOC_STRINGS = NO;
				SWIFT_VERSION = 5.0;
				TARGETED_DEVICE_FAMILY = "1,2";
				TEST_HOST = "$(BUILT_PRODUCTS_DIR)/SheungKit_Ticket.app/$(BUNDLE_EXECUTABLE_FOLDER_PATH)/SheungKit_Ticket";
			};
			name = Release;
		};
		3C4039C92C0E3C8B00FBCD99 /* Debug */ = {
			isa = XCBuildConfiguration;
			buildSettings = {
				ALWAYS_EMBED_SWIFT_STANDARD_LIBRARIES = YES;
				CODE_SIGN_STYLE = Automatic;
				CURRENT_PROJECT_VERSION = 1;
				GENERATE_INFOPLIST_FILE = YES;
				MARKETING_VERSION = 1.0;
				PRODUCT_BUNDLE_IDENTIFIER = "ca.georgebrown.mads4003.SheungKit-TicketUITests";
				PRODUCT_NAME = "$(TARGET_NAME)";
				SWIFT_EMIT_LOC_STRINGS = NO;
				SWIFT_VERSION = 5.0;
				TARGETED_DEVICE_FAMILY = "1,2";
				TEST_TARGET_NAME = SheungKit_Ticket;
			};
			name = Debug;
		};
		3C4039CA2C0E3C8B00FBCD99 /* Release */ = {
			isa = XCBuildConfiguration;
			buildSettings = {
				ALWAYS_EMBED_SWIFT_STANDARD_LIBRARIES = YES;
				CODE_SIGN_STYLE = Automatic;
				CURRENT_PROJECT_VERSION = 1;
				GENERATE_INFOPLIST_FILE = YES;
				MARKETING_VERSION = 1.0;
				PRODUCT_BUNDLE_IDENTIFIER = "ca.georgebrown.mads4003.SheungKit-TicketUITests";
				PRODUCT_NAME = "$(TARGET_NAME)";
				SWIFT_EMIT_LOC_STRINGS = NO;
				SWIFT_VERSION = 5.0;
				TARGETED_DEVICE_FAMILY = "1,2";
				TEST_TARGET_NAME = SheungKit_Ticket;
			};
			name = Release;
		};
/* End XCBuildConfiguration section */

/* Begin XCConfigurationList section */
		3C4039992C0E3C8A00FBCD99 /* Build configuration list for PBXProject "SheungKit_Ticket" */ = {
			isa = XCConfigurationList;
			buildConfigurations = (
				3C4039C02C0E3C8B00FBCD99 /* Debug */,
				3C4039C12C0E3C8B00FBCD99 /* Release */,
			);
			defaultConfigurationIsVisible = 0;
			defaultConfigurationName = Release;
		};
		3C4039C22C0E3C8B00FBCD99 /* Build configuration list for PBXNativeTarget "SheungKit_Ticket" */ = {
			isa = XCConfigurationList;
			buildConfigurations = (
				3C4039C32C0E3C8B00FBCD99 /* Debug */,
				3C4039C42C0E3C8B00FBCD99 /* Release */,
			);
			defaultConfigurationIsVisible = 0;
			defaultConfigurationName = Release;
		};
		3C4039C52C0E3C8B00FBCD99 /* Build configuration list for PBXNativeTarget "SheungKit_TicketTests" */ = {
			isa = XCConfigurationList;
			buildConfigurations = (
				3C4039C62C0E3C8B00FBCD99 /* Debug */,
				3C4039C72C0E3C8B00FBCD99 /* Release */,
			);
			defaultConfigurationIsVisible = 0;
			defaultConfigurationName = Release;
		};
		3C4039C82C0E3C8B00FBCD99 /* Build configuration list for PBXNativeTarget "SheungKit_TicketUITests" */ = {
			isa = XCConfigurationList;
			buildConfigurations = (
				3C4039C92C0E3C8B00FBCD99 /* Debug */,
				3C4039CA2C0E3C8B00FBCD99 /* Release */,
			);
			defaultConfigurationIsVisible = 0;
			defaultConfigurationName = Release;
		};
/* End XCConfigurationList section */
	};
	rootObject = 3C4039962C0E3C8A00FBCD99 /* Project object */;
}
